// !$*UTF8*$!
{
	archiveVersion = 1;
	classes = {
	};
	objectVersion = 50;
	objects = {

/* Begin PBXBuildFile section */
		D1232B1422399BB200049B1E /* NumberFormatter+Convenience.swift in Sources */ = {isa = PBXBuildFile; fileRef = D1232B1322399BB100049B1E /* NumberFormatter+Convenience.swift */; };
		D137E68C225F8C93009CA684 /* SwiftCharts.framework in Frameworks */ = {isa = PBXBuildFile; fileRef = D1393DF222346F42001D8B91 /* SwiftCharts.framework */; };
		D1393DDD22346A10001D8B91 /* AppDelegate.swift in Sources */ = {isa = PBXBuildFile; fileRef = D1393DDC22346A10001D8B91 /* AppDelegate.swift */; };
		D1393DE222346A10001D8B91 /* Main.storyboard in Resources */ = {isa = PBXBuildFile; fileRef = D1393DE022346A10001D8B91 /* Main.storyboard */; };
		D1393DE522346A10001D8B91 /* FredCharts.xcdatamodeld in Sources */ = {isa = PBXBuildFile; fileRef = D1393DE322346A10001D8B91 /* FredCharts.xcdatamodeld */; };
		D1393DEA22346A12001D8B91 /* LaunchScreen.storyboard in Resources */ = {isa = PBXBuildFile; fileRef = D1393DE822346A12001D8B91 /* LaunchScreen.storyboard */; };
		D1393DF622347490001D8B91 /* FredController.swift in Sources */ = {isa = PBXBuildFile; fileRef = D1393DF522347490001D8B91 /* FredController.swift */; };
		D1393DFD2234806F001D8B91 /* FredSearchSearchResults.swift in Sources */ = {isa = PBXBuildFile; fileRef = D1393DFC2234806F001D8B91 /* FredSearchSearchResults.swift */; };
		D1393E0322348420001D8B91 /* SearchResultsTableViewController.swift in Sources */ = {isa = PBXBuildFile; fileRef = D1393E0222348420001D8B91 /* SearchResultsTableViewController.swift */; };
		D1393E0A22348862001D8B91 /* SearchResultTableViewCell.swift in Sources */ = {isa = PBXBuildFile; fileRef = D1393E0922348862001D8B91 /* SearchResultTableViewCell.swift */; };
		D1393E0D22348B72001D8B91 /* ChartViewController.swift in Sources */ = {isa = PBXBuildFile; fileRef = D1393E0C22348B72001D8B91 /* ChartViewController.swift */; };
		D1393E0F2234900A001D8B91 /* Observations.swift in Sources */ = {isa = PBXBuildFile; fileRef = D1393E0E2234900A001D8B91 /* Observations.swift */; };
		D13B1CA82235DC700013B514 /* ExamplesDefaults.swift in Sources */ = {isa = PBXBuildFile; fileRef = D13B1CA72235DC700013B514 /* ExamplesDefaults.swift */; };
		D13B1CAA2235DF630013B514 /* TrackerExampleViewController.swift in Sources */ = {isa = PBXBuildFile; fileRef = D13B1CA92235DF630013B514 /* TrackerExampleViewController.swift */; };
		D13B1CAE2236D0AA0013B514 /* ChartDetailsTableView.swift in Sources */ = {isa = PBXBuildFile; fileRef = D13B1CAD2236D0AA0013B514 /* ChartDetailsTableView.swift */; };
		D13B1CB02236D40C0013B514 /* ChartControlTableViewCell.swift in Sources */ = {isa = PBXBuildFile; fileRef = D13B1CAF2236D40C0013B514 /* ChartControlTableViewCell.swift */; };
		D13B1CB52236E5580013B514 /* ChartSegmentedControlTableViewCell.swift in Sources */ = {isa = PBXBuildFile; fileRef = D13B1CB32236E5580013B514 /* ChartSegmentedControlTableViewCell.swift */; };
		D13B1CB62236E5580013B514 /* ChartSegmentedControlTableViewCell.xib in Resources */ = {isa = PBXBuildFile; fileRef = D13B1CB42236E5580013B514 /* ChartSegmentedControlTableViewCell.xib */; };
		D13B1CBA2236EC0C0013B514 /* ChartNormalControlTableViewCell.swift in Sources */ = {isa = PBXBuildFile; fileRef = D13B1CB82236EC0C0013B514 /* ChartNormalControlTableViewCell.swift */; };
		D13B1CBB2236EC0C0013B514 /* ChartNormalControlTableViewCell.xib in Resources */ = {isa = PBXBuildFile; fileRef = D13B1CB92236EC0C0013B514 /* ChartNormalControlTableViewCell.xib */; };
		D13B1CBE223700E10013B514 /* ChartSliderControlTableViewCell.swift in Sources */ = {isa = PBXBuildFile; fileRef = D13B1CBC223700E10013B514 /* ChartSliderControlTableViewCell.swift */; };
		D13B1CBF223700E10013B514 /* ChartSliderControlTableViewCell.xib in Resources */ = {isa = PBXBuildFile; fileRef = D13B1CBD223700E10013B514 /* ChartSliderControlTableViewCell.xib */; };
		D13B1CC12237017B0013B514 /* Appearance.swift in Sources */ = {isa = PBXBuildFile; fileRef = D13B1CC02237017B0013B514 /* Appearance.swift */; };
		D13B1CC5223718E60013B514 /* ChartController.swift in Sources */ = {isa = PBXBuildFile; fileRef = D13B1CC4223718E60013B514 /* ChartController.swift */; };
		D13B1CC722371B520013B514 /* DateHelper.swift in Sources */ = {isa = PBXBuildFile; fileRef = D13B1CC622371B520013B514 /* DateHelper.swift */; };
		D13B1CCB223845710013B514 /* Date+Convenience.swift in Sources */ = {isa = PBXBuildFile; fileRef = D13B1CCA223845710013B514 /* Date+Convenience.swift */; };
		D13B1CCE223849D50013B514 /* ChartSegementedControlDelegate.swift in Sources */ = {isa = PBXBuildFile; fileRef = D13B1CCD223849D50013B514 /* ChartSegementedControlDelegate.swift */; };
		D13B1CD022386F0E0013B514 /* StringFormatterForCharts.swift in Sources */ = {isa = PBXBuildFile; fileRef = D13B1CCF22386F0E0013B514 /* StringFormatterForCharts.swift */; };
		D13B1CD2223870410013B514 /* UnitTypes.swift in Sources */ = {isa = PBXBuildFile; fileRef = D13B1CD1223870410013B514 /* UnitTypes.swift */; };
		D151D563223AB403004E205E /* FavoritesCollectionViewController.swift in Sources */ = {isa = PBXBuildFile; fileRef = D151D562223AB403004E205E /* FavoritesCollectionViewController.swift */; };
		D151D566223AB5A0004E205E /* CoreDataStack.swift in Sources */ = {isa = PBXBuildFile; fileRef = D151D565223AB5A0004E205E /* CoreDataStack.swift */; };
		D151D56E223AC2CE004E205E /* FredSeriesS+Encodable.swift in Sources */ = {isa = PBXBuildFile; fileRef = D151D56D223AC2CE004E205E /* FredSeriesS+Encodable.swift */; };
		D151D570223AC7DF004E205E /* FredSeriesS+Convenience.swift in Sources */ = {isa = PBXBuildFile; fileRef = D151D56F223AC7DF004E205E /* FredSeriesS+Convenience.swift */; };
		D151D576223ACB78004E205E /* FavoritesCollectionViewCell.swift in Sources */ = {isa = PBXBuildFile; fileRef = D151D574223ACB78004E205E /* FavoritesCollectionViewCell.swift */; };
		D151D577223ACB78004E205E /* FavoritesCollectionViewCell.xib in Resources */ = {isa = PBXBuildFile; fileRef = D151D575223ACB78004E205E /* FavoritesCollectionViewCell.xib */; };
		D151D579223B07FD004E205E /* FredSeriesSRepresentation.swift in Sources */ = {isa = PBXBuildFile; fileRef = D151D578223B07FD004E205E /* FredSeriesSRepresentation.swift */; };
		D1799FC72239C87B00AD8D56 /* TestARViewController.swift in Sources */ = {isa = PBXBuildFile; fileRef = D1799FC62239C87A00AD8D56 /* TestARViewController.swift */; };
		D1799FCD2239CB7A00AD8D56 /* testValues.json in Resources */ = {isa = PBXBuildFile; fileRef = D1799FCC2239CB7A00AD8D56 /* testValues.json */; };
		D1BAEF0B227BEA9E00793346 /* Keys.swift in Sources */ = {isa = PBXBuildFile; fileRef = D1BAEF0A227BEA9E00793346 /* Keys.swift */; };
		D1EDBA49223A096400F8C3B2 /* PickerViewController.swift in Sources */ = {isa = PBXBuildFile; fileRef = D1EDBA47223A096400F8C3B2 /* PickerViewController.swift */; };
		D1EDBA4A223A096400F8C3B2 /* PickerViewController.xib in Resources */ = {isa = PBXBuildFile; fileRef = D1EDBA48223A096400F8C3B2 /* PickerViewController.xib */; };
		D1EDBA4D223A0ACD00F8C3B2 /* PickerControlDelegate.swift in Sources */ = {isa = PBXBuildFile; fileRef = D1EDBA4C223A0ACD00F8C3B2 /* PickerControlDelegate.swift */; };
		D1FBDE0E2238B72A001E1DD2 /* Assets.xcassets in Resources */ = {isa = PBXBuildFile; fileRef = D1FBDE0D2238B72A001E1DD2 /* Assets.xcassets */; };
/* End PBXBuildFile section */

/* Begin PBXFileReference section */
		D1232B1322399BB100049B1E /* NumberFormatter+Convenience.swift */ = {isa = PBXFileReference; lastKnownFileType = sourcecode.swift; path = "NumberFormatter+Convenience.swift"; sourceTree = "<group>"; };
		D1393DD922346A10001D8B91 /* FredCharts.app */ = {isa = PBXFileReference; explicitFileType = wrapper.application; includeInIndex = 0; path = FredCharts.app; sourceTree = BUILT_PRODUCTS_DIR; };
		D1393DDC22346A10001D8B91 /* AppDelegate.swift */ = {isa = PBXFileReference; lastKnownFileType = sourcecode.swift; path = AppDelegate.swift; sourceTree = "<group>"; };
		D1393DE122346A10001D8B91 /* Base */ = {isa = PBXFileReference; lastKnownFileType = file.storyboard; name = Base; path = Base.lproj/Main.storyboard; sourceTree = "<group>"; };
		D1393DE422346A10001D8B91 /* FredCharts.xcdatamodel */ = {isa = PBXFileReference; lastKnownFileType = wrapper.xcdatamodel; path = FredCharts.xcdatamodel; sourceTree = "<group>"; };
		D1393DE922346A12001D8B91 /* Base */ = {isa = PBXFileReference; lastKnownFileType = file.storyboard; name = Base; path = Base.lproj/LaunchScreen.storyboard; sourceTree = "<group>"; };
		D1393DEB22346A12001D8B91 /* Info.plist */ = {isa = PBXFileReference; lastKnownFileType = text.plist.xml; path = Info.plist; sourceTree = "<group>"; };
		D1393DF222346F42001D8B91 /* SwiftCharts.framework */ = {isa = PBXFileReference; lastKnownFileType = wrapper.framework; name = SwiftCharts.framework; path = Carthage/Build/iOS/SwiftCharts.framework; sourceTree = "<group>"; };
		D1393DF522347490001D8B91 /* FredController.swift */ = {isa = PBXFileReference; lastKnownFileType = sourcecode.swift; path = FredController.swift; sourceTree = "<group>"; };
		D1393DFC2234806F001D8B91 /* FredSearchSearchResults.swift */ = {isa = PBXFileReference; lastKnownFileType = sourcecode.swift; path = FredSearchSearchResults.swift; sourceTree = "<group>"; };
		D1393E0222348420001D8B91 /* SearchResultsTableViewController.swift */ = {isa = PBXFileReference; lastKnownFileType = sourcecode.swift; path = SearchResultsTableViewController.swift; sourceTree = "<group>"; };
		D1393E0922348862001D8B91 /* SearchResultTableViewCell.swift */ = {isa = PBXFileReference; lastKnownFileType = sourcecode.swift; path = SearchResultTableViewCell.swift; sourceTree = "<group>"; };
		D1393E0C22348B72001D8B91 /* ChartViewController.swift */ = {isa = PBXFileReference; lastKnownFileType = sourcecode.swift; path = ChartViewController.swift; sourceTree = "<group>"; };
		D1393E0E2234900A001D8B91 /* Observations.swift */ = {isa = PBXFileReference; lastKnownFileType = sourcecode.swift; path = Observations.swift; sourceTree = "<group>"; };
		D13B1CA72235DC700013B514 /* ExamplesDefaults.swift */ = {isa = PBXFileReference; lastKnownFileType = sourcecode.swift; path = ExamplesDefaults.swift; sourceTree = "<group>"; };
		D13B1CA92235DF630013B514 /* TrackerExampleViewController.swift */ = {isa = PBXFileReference; lastKnownFileType = sourcecode.swift; path = TrackerExampleViewController.swift; sourceTree = "<group>"; };
		D13B1CAD2236D0AA0013B514 /* ChartDetailsTableView.swift */ = {isa = PBXFileReference; lastKnownFileType = sourcecode.swift; path = ChartDetailsTableView.swift; sourceTree = "<group>"; };
		D13B1CAF2236D40C0013B514 /* ChartControlTableViewCell.swift */ = {isa = PBXFileReference; lastKnownFileType = sourcecode.swift; path = ChartControlTableViewCell.swift; sourceTree = "<group>"; };
		D13B1CB32236E5580013B514 /* ChartSegmentedControlTableViewCell.swift */ = {isa = PBXFileReference; lastKnownFileType = sourcecode.swift; path = ChartSegmentedControlTableViewCell.swift; sourceTree = "<group>"; };
		D13B1CB42236E5580013B514 /* ChartSegmentedControlTableViewCell.xib */ = {isa = PBXFileReference; lastKnownFileType = file.xib; path = ChartSegmentedControlTableViewCell.xib; sourceTree = "<group>"; };
		D13B1CB82236EC0C0013B514 /* ChartNormalControlTableViewCell.swift */ = {isa = PBXFileReference; lastKnownFileType = sourcecode.swift; path = ChartNormalControlTableViewCell.swift; sourceTree = "<group>"; };
		D13B1CB92236EC0C0013B514 /* ChartNormalControlTableViewCell.xib */ = {isa = PBXFileReference; lastKnownFileType = file.xib; path = ChartNormalControlTableViewCell.xib; sourceTree = "<group>"; };
		D13B1CBC223700E10013B514 /* ChartSliderControlTableViewCell.swift */ = {isa = PBXFileReference; lastKnownFileType = sourcecode.swift; path = ChartSliderControlTableViewCell.swift; sourceTree = "<group>"; };
		D13B1CBD223700E10013B514 /* ChartSliderControlTableViewCell.xib */ = {isa = PBXFileReference; lastKnownFileType = file.xib; path = ChartSliderControlTableViewCell.xib; sourceTree = "<group>"; };
		D13B1CC02237017B0013B514 /* Appearance.swift */ = {isa = PBXFileReference; lastKnownFileType = sourcecode.swift; path = Appearance.swift; sourceTree = "<group>"; };
		D13B1CC4223718E60013B514 /* ChartController.swift */ = {isa = PBXFileReference; lastKnownFileType = sourcecode.swift; path = ChartController.swift; sourceTree = "<group>"; };
		D13B1CC622371B520013B514 /* DateHelper.swift */ = {isa = PBXFileReference; lastKnownFileType = sourcecode.swift; path = DateHelper.swift; sourceTree = "<group>"; };
		D13B1CCA223845710013B514 /* Date+Convenience.swift */ = {isa = PBXFileReference; lastKnownFileType = sourcecode.swift; path = "Date+Convenience.swift"; sourceTree = "<group>"; };
		D13B1CCD223849D50013B514 /* ChartSegementedControlDelegate.swift */ = {isa = PBXFileReference; lastKnownFileType = sourcecode.swift; path = ChartSegementedControlDelegate.swift; sourceTree = "<group>"; };
		D13B1CCF22386F0E0013B514 /* StringFormatterForCharts.swift */ = {isa = PBXFileReference; lastKnownFileType = sourcecode.swift; path = StringFormatterForCharts.swift; sourceTree = "<group>"; };
		D13B1CD1223870410013B514 /* UnitTypes.swift */ = {isa = PBXFileReference; lastKnownFileType = sourcecode.swift; path = UnitTypes.swift; sourceTree = "<group>"; };
		D1434E0C22398A4A00CFEDD0 /* FredCharts.entitlements */ = {isa = PBXFileReference; lastKnownFileType = text.plist.entitlements; path = FredCharts.entitlements; sourceTree = "<group>"; };
		D151D562223AB403004E205E /* FavoritesCollectionViewController.swift */ = {isa = PBXFileReference; lastKnownFileType = sourcecode.swift; path = FavoritesCollectionViewController.swift; sourceTree = "<group>"; };
		D151D565223AB5A0004E205E /* CoreDataStack.swift */ = {isa = PBXFileReference; lastKnownFileType = sourcecode.swift; path = CoreDataStack.swift; sourceTree = "<group>"; };
		D151D56D223AC2CE004E205E /* FredSeriesS+Encodable.swift */ = {isa = PBXFileReference; lastKnownFileType = sourcecode.swift; path = "FredSeriesS+Encodable.swift"; sourceTree = "<group>"; };
		D151D56F223AC7DF004E205E /* FredSeriesS+Convenience.swift */ = {isa = PBXFileReference; lastKnownFileType = sourcecode.swift; path = "FredSeriesS+Convenience.swift"; sourceTree = "<group>"; };
		D151D574223ACB78004E205E /* FavoritesCollectionViewCell.swift */ = {isa = PBXFileReference; lastKnownFileType = sourcecode.swift; path = FavoritesCollectionViewCell.swift; sourceTree = "<group>"; };
		D151D575223ACB78004E205E /* FavoritesCollectionViewCell.xib */ = {isa = PBXFileReference; lastKnownFileType = file.xib; path = FavoritesCollectionViewCell.xib; sourceTree = "<group>"; };
		D151D578223B07FD004E205E /* FredSeriesSRepresentation.swift */ = {isa = PBXFileReference; lastKnownFileType = sourcecode.swift; path = FredSeriesSRepresentation.swift; sourceTree = "<group>"; };
		D1799FC62239C87A00AD8D56 /* TestARViewController.swift */ = {isa = PBXFileReference; lastKnownFileType = sourcecode.swift; path = TestARViewController.swift; sourceTree = "<group>"; };
		D1799FCC2239CB7A00AD8D56 /* testValues.json */ = {isa = PBXFileReference; fileEncoding = 4; lastKnownFileType = text.json; path = testValues.json; sourceTree = "<group>"; };
		D1BAEF0A227BEA9E00793346 /* Keys.swift */ = {isa = PBXFileReference; lastKnownFileType = sourcecode.swift; path = Keys.swift; sourceTree = "<group>"; };
		D1EDBA47223A096400F8C3B2 /* PickerViewController.swift */ = {isa = PBXFileReference; lastKnownFileType = sourcecode.swift; path = PickerViewController.swift; sourceTree = "<group>"; };
		D1EDBA48223A096400F8C3B2 /* PickerViewController.xib */ = {isa = PBXFileReference; lastKnownFileType = file.xib; path = PickerViewController.xib; sourceTree = "<group>"; };
		D1EDBA4C223A0ACD00F8C3B2 /* PickerControlDelegate.swift */ = {isa = PBXFileReference; lastKnownFileType = sourcecode.swift; path = PickerControlDelegate.swift; sourceTree = "<group>"; };
		D1FBDE0D2238B72A001E1DD2 /* Assets.xcassets */ = {isa = PBXFileReference; lastKnownFileType = folder.assetcatalog; path = Assets.xcassets; sourceTree = "<group>"; };
/* End PBXFileReference section */

/* Begin PBXFrameworksBuildPhase section */
		D1393DD622346A10001D8B91 /* Frameworks */ = {
			isa = PBXFrameworksBuildPhase;
			buildActionMask = 2147483647;
			files = (
				D137E68C225F8C93009CA684 /* SwiftCharts.framework in Frameworks */,
			);
			runOnlyForDeploymentPostprocessing = 0;
		};
/* End PBXFrameworksBuildPhase section */

/* Begin PBXGroup section */
		D1393DD022346A10001D8B91 = {
			isa = PBXGroup;
			children = (
				D1393DDB22346A10001D8B91 /* FredCharts */,
				D1393DDA22346A10001D8B91 /* Products */,
				D1393DF122346F42001D8B91 /* Frameworks */,
			);
			sourceTree = "<group>";
		};
		D1393DDA22346A10001D8B91 /* Products */ = {
			isa = PBXGroup;
			children = (
				D1393DD922346A10001D8B91 /* FredCharts.app */,
			);
			name = Products;
			sourceTree = "<group>";
		};
		D1393DDB22346A10001D8B91 /* FredCharts */ = {
			isa = PBXGroup;
			children = (
				D1434E0C22398A4A00CFEDD0 /* FredCharts.entitlements */,
				D13B1CCC223849BF0013B514 /* Protocol */,
				D13B1CA62235DC560013B514 /* Helpers */,
				D1393E0B22348AE1001D8B91 /* ModelController */,
				D1393E0822348844001D8B91 /* Views */,
				D1393E072234883D001D8B91 /* ViewControllers */,
				D1393E04223486E0001D8B91 /* Resources */,
				D1393DDC22346A10001D8B91 /* AppDelegate.swift */,
				D1393DFB22348057001D8B91 /* Model */,
			);
			path = FredCharts;
			sourceTree = "<group>";
		};
		D1393DF122346F42001D8B91 /* Frameworks */ = {
			isa = PBXGroup;
			children = (
				D1393DF222346F42001D8B91 /* SwiftCharts.framework */,
			);
			name = Frameworks;
			sourceTree = "<group>";
		};
		D1393DFB22348057001D8B91 /* Model */ = {
			isa = PBXGroup;
			children = (
				D1393DFC2234806F001D8B91 /* FredSearchSearchResults.swift */,
				D1BAEF0A227BEA9E00793346 /* Keys.swift */,
				D151D565223AB5A0004E205E /* CoreDataStack.swift */,
				D151D56D223AC2CE004E205E /* FredSeriesS+Encodable.swift */,
				D151D56F223AC7DF004E205E /* FredSeriesS+Convenience.swift */,
				D151D578223B07FD004E205E /* FredSeriesSRepresentation.swift */,
				D1393E0E2234900A001D8B91 /* Observations.swift */,
				D1393DE322346A10001D8B91 /* FredCharts.xcdatamodeld */,
			);
			path = Model;
			sourceTree = "<group>";
		};
		D1393E04223486E0001D8B91 /* Resources */ = {
			isa = PBXGroup;
			children = (
				D1FBDE0D2238B72A001E1DD2 /* Assets.xcassets */,
				D1799FCC2239CB7A00AD8D56 /* testValues.json */,
				D1393DE022346A10001D8B91 /* Main.storyboard */,
				D1393DE822346A12001D8B91 /* LaunchScreen.storyboard */,
				D1393DEB22346A12001D8B91 /* Info.plist */,
			);
			path = Resources;
			sourceTree = "<group>";
		};
		D1393E072234883D001D8B91 /* ViewControllers */ = {
			isa = PBXGroup;
			children = (
				D1393E0222348420001D8B91 /* SearchResultsTableViewController.swift */,
				D151D562223AB403004E205E /* FavoritesCollectionViewController.swift */,
				D1393E0C22348B72001D8B91 /* ChartViewController.swift */,
				D1EDBA4B223A096800F8C3B2 /* PickerViewController */,
				D1799FC62239C87A00AD8D56 /* TestARViewController.swift */,
			);
			path = ViewControllers;
			sourceTree = "<group>";
		};
		D1393E0822348844001D8B91 /* Views */ = {
			isa = PBXGroup;
			children = (
				D151D571223ACB4C004E205E /* CollectionViewCell */,
				D13B1CB72236E55E0013B514 /* ChartControl */,
				D1393E0922348862001D8B91 /* SearchResultTableViewCell.swift */,
				D13B1CAD2236D0AA0013B514 /* ChartDetailsTableView.swift */,
			);
			path = Views;
			sourceTree = "<group>";
		};
		D1393E0B22348AE1001D8B91 /* ModelController */ = {
			isa = PBXGroup;
			children = (
				D1393DF522347490001D8B91 /* FredController.swift */,
				D13B1CC4223718E60013B514 /* ChartController.swift */,
			);
			path = ModelController;
			sourceTree = "<group>";
		};
		D13B1CA62235DC560013B514 /* Helpers */ = {
			isa = PBXGroup;
			children = (
				D13B1CA72235DC700013B514 /* ExamplesDefaults.swift */,
				D13B1CA92235DF630013B514 /* TrackerExampleViewController.swift */,
				D13B1CC02237017B0013B514 /* Appearance.swift */,
				D13B1CC622371B520013B514 /* DateHelper.swift */,
				D13B1CCA223845710013B514 /* Date+Convenience.swift */,
				D13B1CCF22386F0E0013B514 /* StringFormatterForCharts.swift */,
				D13B1CD1223870410013B514 /* UnitTypes.swift */,
				D1232B1322399BB100049B1E /* NumberFormatter+Convenience.swift */,
			);
			path = Helpers;
			sourceTree = "<group>";
		};
		D13B1CB72236E55E0013B514 /* ChartControl */ = {
			isa = PBXGroup;
			children = (
				D13B1CAF2236D40C0013B514 /* ChartControlTableViewCell.swift */,
				D13B1CB32236E5580013B514 /* ChartSegmentedControlTableViewCell.swift */,
				D13B1CB42236E5580013B514 /* ChartSegmentedControlTableViewCell.xib */,
				D13B1CB82236EC0C0013B514 /* ChartNormalControlTableViewCell.swift */,
				D13B1CB92236EC0C0013B514 /* ChartNormalControlTableViewCell.xib */,
				D13B1CBC223700E10013B514 /* ChartSliderControlTableViewCell.swift */,
				D13B1CBD223700E10013B514 /* ChartSliderControlTableViewCell.xib */,
			);
			path = ChartControl;
			sourceTree = "<group>";
		};
		D13B1CCC223849BF0013B514 /* Protocol */ = {
			isa = PBXGroup;
			children = (
				D13B1CCD223849D50013B514 /* ChartSegementedControlDelegate.swift */,
				D1EDBA4C223A0ACD00F8C3B2 /* PickerControlDelegate.swift */,
			);
			path = Protocol;
			sourceTree = "<group>";
		};
		D151D571223ACB4C004E205E /* CollectionViewCell */ = {
			isa = PBXGroup;
			children = (
				D151D574223ACB78004E205E /* FavoritesCollectionViewCell.swift */,
				D151D575223ACB78004E205E /* FavoritesCollectionViewCell.xib */,
			);
			path = CollectionViewCell;
			sourceTree = "<group>";
		};
		D1EDBA4B223A096800F8C3B2 /* PickerViewController */ = {
			isa = PBXGroup;
			children = (
				D1EDBA47223A096400F8C3B2 /* PickerViewController.swift */,
				D1EDBA48223A096400F8C3B2 /* PickerViewController.xib */,
			);
			path = PickerViewController;
			sourceTree = "<group>";
		};
/* End PBXGroup section */

/* Begin PBXNativeTarget section */
		D1393DD822346A10001D8B91 /* FredCharts */ = {
			isa = PBXNativeTarget;
			buildConfigurationList = D1393DEE22346A12001D8B91 /* Build configuration list for PBXNativeTarget "FredCharts" */;
			buildPhases = (
				D1393DD522346A10001D8B91 /* Sources */,
				D1393DD622346A10001D8B91 /* Frameworks */,
				D1393DD722346A10001D8B91 /* Resources */,
				D1393DF422346F5C001D8B91 /* Run Script */,
			);
			buildRules = (
			);
			dependencies = (
			);
			name = FredCharts;
			productName = FredCharts;
			productReference = D1393DD922346A10001D8B91 /* FredCharts.app */;
			productType = "com.apple.product-type.application";
		};
/* End PBXNativeTarget section */

/* Begin PBXProject section */
		D1393DD122346A10001D8B91 /* Project object */ = {
			isa = PBXProject;
			attributes = {
				LastSwiftUpdateCheck = 1010;
				LastUpgradeCheck = 1010;
				ORGANIZATIONNAME = "Benjamin Hakes";
				TargetAttributes = {
					D1393DD822346A10001D8B91 = {
						CreatedOnToolsVersion = 10.1;
						LastSwiftMigration = 1020;
						SystemCapabilities = {
							com.apple.ApplicationGroups.iOS = {
								enabled = 0;
							};
							com.apple.Keychain = {
								enabled = 0;
							};
						};
					};
				};
			};
			buildConfigurationList = D1393DD422346A10001D8B91 /* Build configuration list for PBXProject "FredCharts" */;
			compatibilityVersion = "Xcode 9.3";
			developmentRegion = en;
			hasScannedForEncodings = 0;
			knownRegions = (
				en,
				Base,
			);
			mainGroup = D1393DD022346A10001D8B91;
			productRefGroup = D1393DDA22346A10001D8B91 /* Products */;
			projectDirPath = "";
			projectRoot = "";
			targets = (
				D1393DD822346A10001D8B91 /* FredCharts */,
			);
		};
/* End PBXProject section */

/* Begin PBXResourcesBuildPhase section */
		D1393DD722346A10001D8B91 /* Resources */ = {
			isa = PBXResourcesBuildPhase;
			buildActionMask = 2147483647;
			files = (
				D13B1CBF223700E10013B514 /* ChartSliderControlTableViewCell.xib in Resources */,
				D1393DEA22346A12001D8B91 /* LaunchScreen.storyboard in Resources */,
				D13B1CBB2236EC0C0013B514 /* ChartNormalControlTableViewCell.xib in Resources */,
				D1393DE222346A10001D8B91 /* Main.storyboard in Resources */,
				D1799FCD2239CB7A00AD8D56 /* testValues.json in Resources */,
				D151D577223ACB78004E205E /* FavoritesCollectionViewCell.xib in Resources */,
				D1FBDE0E2238B72A001E1DD2 /* Assets.xcassets in Resources */,
				D1EDBA4A223A096400F8C3B2 /* PickerViewController.xib in Resources */,
				D13B1CB62236E5580013B514 /* ChartSegmentedControlTableViewCell.xib in Resources */,
			);
			runOnlyForDeploymentPostprocessing = 0;
		};
/* End PBXResourcesBuildPhase section */

/* Begin PBXShellScriptBuildPhase section */
		D1393DF422346F5C001D8B91 /* Run Script */ = {
			isa = PBXShellScriptBuildPhase;
			buildActionMask = 2147483647;
			files = (
			);
			inputFileListPaths = (
			);
			inputPaths = (
				"$(SRCROOT)/Carthage/Build/iOS/SwiftCharts.framework",
			);
			name = "Run Script";
			outputFileListPaths = (
			);
			outputPaths = (
				"$(DERIVED_FILE_DIR)/Carthage/Build/iOS/SwiftCharts.framework",
			);
			runOnlyForDeploymentPostprocessing = 0;
			shellPath = /bin/sh;
			shellScript = "/usr/local/bin/carthage  copy-frameworks\n\n\n";
		};
/* End PBXShellScriptBuildPhase section */

/* Begin PBXSourcesBuildPhase section */
		D1393DD522346A10001D8B91 /* Sources */ = {
			isa = PBXSourcesBuildPhase;
			buildActionMask = 2147483647;
			files = (
				D13B1CC5223718E60013B514 /* ChartController.swift in Sources */,
				D151D570223AC7DF004E205E /* FredSeriesS+Convenience.swift in Sources */,
				D1232B1422399BB200049B1E /* NumberFormatter+Convenience.swift in Sources */,
				D13B1CAA2235DF630013B514 /* TrackerExampleViewController.swift in Sources */,
				D1BAEF0B227BEA9E00793346 /* Keys.swift in Sources */,
				D1EDBA49223A096400F8C3B2 /* PickerViewController.swift in Sources */,
				D1EDBA4D223A0ACD00F8C3B2 /* PickerControlDelegate.swift in Sources */,
				D13B1CC12237017B0013B514 /* Appearance.swift in Sources */,
				D151D563223AB403004E205E /* FavoritesCollectionViewController.swift in Sources */,
				D1393E0A22348862001D8B91 /* SearchResultTableViewCell.swift in Sources */,
				D13B1CCE223849D50013B514 /* ChartSegementedControlDelegate.swift in Sources */,
				D151D56E223AC2CE004E205E /* FredSeriesS+Encodable.swift in Sources */,
				D1393E0D22348B72001D8B91 /* ChartViewController.swift in Sources */,
				D151D579223B07FD004E205E /* FredSeriesSRepresentation.swift in Sources */,
				D13B1CC722371B520013B514 /* DateHelper.swift in Sources */,
				D13B1CB52236E5580013B514 /* ChartSegmentedControlTableViewCell.swift in Sources */,
				D13B1CA82235DC700013B514 /* ExamplesDefaults.swift in Sources */,
				D1393DFD2234806F001D8B91 /* FredSearchSearchResults.swift in Sources */,
				D151D566223AB5A0004E205E /* CoreDataStack.swift in Sources */,
				D1393DF622347490001D8B91 /* FredController.swift in Sources */,
				D1393DE522346A10001D8B91 /* FredCharts.xcdatamodeld in Sources */,
				D13B1CD022386F0E0013B514 /* StringFormatterForCharts.swift in Sources */,
				D13B1CB02236D40C0013B514 /* ChartControlTableViewCell.swift in Sources */,
				D1393DDD22346A10001D8B91 /* AppDelegate.swift in Sources */,
				D151D576223ACB78004E205E /* FavoritesCollectionViewCell.swift in Sources */,
				D13B1CBE223700E10013B514 /* ChartSliderControlTableViewCell.swift in Sources */,
				D1393E0322348420001D8B91 /* SearchResultsTableViewController.swift in Sources */,
				D1393E0F2234900A001D8B91 /* Observations.swift in Sources */,
				D13B1CAE2236D0AA0013B514 /* ChartDetailsTableView.swift in Sources */,
				D13B1CCB223845710013B514 /* Date+Convenience.swift in Sources */,
				D13B1CBA2236EC0C0013B514 /* ChartNormalControlTableViewCell.swift in Sources */,
				D13B1CD2223870410013B514 /* UnitTypes.swift in Sources */,
				D1799FC72239C87B00AD8D56 /* TestARViewController.swift in Sources */,
			);
			runOnlyForDeploymentPostprocessing = 0;
		};
/* End PBXSourcesBuildPhase section */

/* Begin PBXVariantGroup section */
		D1393DE022346A10001D8B91 /* Main.storyboard */ = {
			isa = PBXVariantGroup;
			children = (
				D1393DE122346A10001D8B91 /* Base */,
			);
			name = Main.storyboard;
			sourceTree = "<group>";
		};
		D1393DE822346A12001D8B91 /* LaunchScreen.storyboard */ = {
			isa = PBXVariantGroup;
			children = (
				D1393DE922346A12001D8B91 /* Base */,
			);
			name = LaunchScreen.storyboard;
			sourceTree = "<group>";
		};
/* End PBXVariantGroup section */

/* Begin XCBuildConfiguration section */
		D1393DEC22346A12001D8B91 /* Debug */ = {
			isa = XCBuildConfiguration;
			buildSettings = {
				ALWAYS_SEARCH_USER_PATHS = NO;
				CLANG_ANALYZER_NONNULL = YES;
				CLANG_ANALYZER_NUMBER_OBJECT_CONVERSION = YES_AGGRESSIVE;
				CLANG_CXX_LANGUAGE_STANDARD = "gnu++14";
				CLANG_CXX_LIBRARY = "libc++";
				CLANG_ENABLE_MODULES = YES;
				CLANG_ENABLE_OBJC_ARC = YES;
				CLANG_ENABLE_OBJC_WEAK = YES;
				CLANG_WARN_BLOCK_CAPTURE_AUTORELEASING = YES;
				CLANG_WARN_BOOL_CONVERSION = YES;
				CLANG_WARN_COMMA = YES;
				CLANG_WARN_CONSTANT_CONVERSION = YES;
				CLANG_WARN_DEPRECATED_OBJC_IMPLEMENTATIONS = YES;
				CLANG_WARN_DIRECT_OBJC_ISA_USAGE = YES_ERROR;
				CLANG_WARN_DOCUMENTATION_COMMENTS = YES;
				CLANG_WARN_EMPTY_BODY = YES;
				CLANG_WARN_ENUM_CONVERSION = YES;
				CLANG_WARN_INFINITE_RECURSION = YES;
				CLANG_WARN_INT_CONVERSION = YES;
				CLANG_WARN_NON_LITERAL_NULL_CONVERSION = YES;
				CLANG_WARN_OBJC_IMPLICIT_RETAIN_SELF = YES;
				CLANG_WARN_OBJC_LITERAL_CONVERSION = YES;
				CLANG_WARN_OBJC_ROOT_CLASS = YES_ERROR;
				CLANG_WARN_RANGE_LOOP_ANALYSIS = YES;
				CLANG_WARN_STRICT_PROTOTYPES = YES;
				CLANG_WARN_SUSPICIOUS_MOVE = YES;
				CLANG_WARN_UNGUARDED_AVAILABILITY = YES_AGGRESSIVE;
				CLANG_WARN_UNREACHABLE_CODE = YES;
				CLANG_WARN__DUPLICATE_METHOD_MATCH = YES;
				CODE_SIGN_IDENTITY = "";
				CODE_SIGN_INJECT_BASE_ENTITLEMENTS = YES;
				COPY_PHASE_STRIP = NO;
				DEBUG_INFORMATION_FORMAT = dwarf;
				DEVELOPMENT_TEAM = "";
				ENABLE_STRICT_OBJC_MSGSEND = YES;
				ENABLE_TESTABILITY = YES;
				GCC_C_LANGUAGE_STANDARD = gnu11;
				GCC_DYNAMIC_NO_PIC = NO;
				GCC_NO_COMMON_BLOCKS = YES;
				GCC_OPTIMIZATION_LEVEL = 0;
				GCC_PREPROCESSOR_DEFINITIONS = (
					"DEBUG=1",
					"$(inherited)",
				);
				GCC_WARN_64_TO_32_BIT_CONVERSION = YES;
				GCC_WARN_ABOUT_RETURN_TYPE = YES_ERROR;
				GCC_WARN_UNDECLARED_SELECTOR = YES;
				GCC_WARN_UNINITIALIZED_AUTOS = YES_AGGRESSIVE;
				GCC_WARN_UNUSED_FUNCTION = YES;
				GCC_WARN_UNUSED_VARIABLE = YES;
				IPHONEOS_DEPLOYMENT_TARGET = 12.2;
				MTL_ENABLE_DEBUG_INFO = INCLUDE_SOURCE;
				MTL_FAST_MATH = YES;
				ONLY_ACTIVE_ARCH = YES;
				SDKROOT = iphoneos;
				SWIFT_ACTIVE_COMPILATION_CONDITIONS = DEBUG;
				SWIFT_OPTIMIZATION_LEVEL = "-Onone";
			};
			name = Debug;
		};
		D1393DED22346A12001D8B91 /* Release */ = {
			isa = XCBuildConfiguration;
			buildSettings = {
				ALWAYS_SEARCH_USER_PATHS = NO;
				CLANG_ANALYZER_NONNULL = YES;
				CLANG_ANALYZER_NUMBER_OBJECT_CONVERSION = YES_AGGRESSIVE;
				CLANG_CXX_LANGUAGE_STANDARD = "gnu++14";
				CLANG_CXX_LIBRARY = "libc++";
				CLANG_ENABLE_MODULES = YES;
				CLANG_ENABLE_OBJC_ARC = YES;
				CLANG_ENABLE_OBJC_WEAK = YES;
				CLANG_WARN_BLOCK_CAPTURE_AUTORELEASING = YES;
				CLANG_WARN_BOOL_CONVERSION = YES;
				CLANG_WARN_COMMA = YES;
				CLANG_WARN_CONSTANT_CONVERSION = YES;
				CLANG_WARN_DEPRECATED_OBJC_IMPLEMENTATIONS = YES;
				CLANG_WARN_DIRECT_OBJC_ISA_USAGE = YES_ERROR;
				CLANG_WARN_DOCUMENTATION_COMMENTS = YES;
				CLANG_WARN_EMPTY_BODY = YES;
				CLANG_WARN_ENUM_CONVERSION = YES;
				CLANG_WARN_INFINITE_RECURSION = YES;
				CLANG_WARN_INT_CONVERSION = YES;
				CLANG_WARN_NON_LITERAL_NULL_CONVERSION = YES;
				CLANG_WARN_OBJC_IMPLICIT_RETAIN_SELF = YES;
				CLANG_WARN_OBJC_LITERAL_CONVERSION = YES;
				CLANG_WARN_OBJC_ROOT_CLASS = YES_ERROR;
				CLANG_WARN_RANGE_LOOP_ANALYSIS = YES;
				CLANG_WARN_STRICT_PROTOTYPES = YES;
				CLANG_WARN_SUSPICIOUS_MOVE = YES;
				CLANG_WARN_UNGUARDED_AVAILABILITY = YES_AGGRESSIVE;
				CLANG_WARN_UNREACHABLE_CODE = YES;
				CLANG_WARN__DUPLICATE_METHOD_MATCH = YES;
				CODE_SIGN_IDENTITY = "";
				CODE_SIGN_INJECT_BASE_ENTITLEMENTS = YES;
				COPY_PHASE_STRIP = NO;
				DEBUG_INFORMATION_FORMAT = "dwarf-with-dsym";
				DEVELOPMENT_TEAM = "";
				ENABLE_NS_ASSERTIONS = NO;
				ENABLE_STRICT_OBJC_MSGSEND = YES;
				GCC_C_LANGUAGE_STANDARD = gnu11;
				GCC_NO_COMMON_BLOCKS = YES;
				GCC_WARN_64_TO_32_BIT_CONVERSION = YES;
				GCC_WARN_ABOUT_RETURN_TYPE = YES_ERROR;
				GCC_WARN_UNDECLARED_SELECTOR = YES;
				GCC_WARN_UNINITIALIZED_AUTOS = YES_AGGRESSIVE;
				GCC_WARN_UNUSED_FUNCTION = YES;
				GCC_WARN_UNUSED_VARIABLE = YES;
				IPHONEOS_DEPLOYMENT_TARGET = 12.2;
				MTL_ENABLE_DEBUG_INFO = NO;
				MTL_FAST_MATH = YES;
				SDKROOT = iphoneos;
				SWIFT_COMPILATION_MODE = wholemodule;
				SWIFT_OPTIMIZATION_LEVEL = "-O";
				VALIDATE_PRODUCT = YES;
			};
			name = Release;
		};
		D1393DEF22346A12001D8B91 /* Debug */ = {
			isa = XCBuildConfiguration;
			buildSettings = {
				ASSETCATALOG_COMPILER_APPICON_NAME = AppIcon;
				CODE_SIGN_IDENTITY = "iPhone Developer";
				CODE_SIGN_INJECT_BASE_ENTITLEMENTS = YES;
				CODE_SIGN_STYLE = Automatic;
				DEVELOPMENT_TEAM = S5U94G8XN2;
				FRAMEWORK_SEARCH_PATHS = (
					"$(inherited)",
					"$(PROJECT_DIR)/Carthage/Build/iOS",
				);
				INFOPLIST_FILE = FredCharts/Resources/Info.plist;
				LD_RUNPATH_SEARCH_PATHS = (
					"$(inherited)",
					"@executable_path/Frameworks",
				);
				PRODUCT_BUNDLE_IDENTIFIER = dev.hakes.FedCharts;
				PRODUCT_NAME = "$(TARGET_NAME)";
				PROVISIONING_PROFILE_SPECIFIER = "";
				SWIFT_VERSION = 5.0;
				TARGETED_DEVICE_FAMILY = "1,2";
			};
			name = Debug;
		};
		D1393DF022346A12001D8B91 /* Release */ = {
			isa = XCBuildConfiguration;
			buildSettings = {
				ASSETCATALOG_COMPILER_APPICON_NAME = AppIcon;
				CODE_SIGN_IDENTITY = "iPhone Developer";
				CODE_SIGN_INJECT_BASE_ENTITLEMENTS = YES;
				CODE_SIGN_STYLE = Automatic;
				DEVELOPMENT_TEAM = S5U94G8XN2;
				FRAMEWORK_SEARCH_PATHS = (
					"$(inherited)",
					"$(PROJECT_DIR)/Carthage/Build/iOS",
				);
				INFOPLIST_FILE = FredCharts/Resources/Info.plist;
				LD_RUNPATH_SEARCH_PATHS = (
					"$(inherited)",
					"@executable_path/Frameworks",
				);
				PRODUCT_BUNDLE_IDENTIFIER = dev.hakes.FedCharts;
				PRODUCT_NAME = "$(TARGET_NAME)";
				PROVISIONING_PROFILE_SPECIFIER = "";
				SWIFT_VERSION = 5.0;
				TARGETED_DEVICE_FAMILY = "1,2";
			};
			name = Release;
		};
/* End XCBuildConfiguration section */

/* Begin XCConfigurationList section */
		D1393DD422346A10001D8B91 /* Build configuration list for PBXProject "FredCharts" */ = {
			isa = XCConfigurationList;
			buildConfigurations = (
				D1393DEC22346A12001D8B91 /* Debug */,
				D1393DED22346A12001D8B91 /* Release */,
			);
			defaultConfigurationIsVisible = 0;
			defaultConfigurationName = Release;
		};
		D1393DEE22346A12001D8B91 /* Build configuration list for PBXNativeTarget "FredCharts" */ = {
			isa = XCConfigurationList;
			buildConfigurations = (
				D1393DEF22346A12001D8B91 /* Debug */,
				D1393DF022346A12001D8B91 /* Release */,
			);
			defaultConfigurationIsVisible = 0;
			defaultConfigurationName = Release;
		};
/* End XCConfigurationList section */

/* Begin XCVersionGroup section */
		D1393DE322346A10001D8B91 /* FredCharts.xcdatamodeld */ = {
			isa = XCVersionGroup;
			children = (
				D1393DE422346A10001D8B91 /* FredCharts.xcdatamodel */,
			);
			currentVersion = D1393DE422346A10001D8B91 /* FredCharts.xcdatamodel */;
			path = FredCharts.xcdatamodeld;
			sourceTree = "<group>";
			versionGroupType = wrapper.xcdatamodel;
		};
/* End XCVersionGroup section */
	};
	rootObject = D1393DD122346A10001D8B91 /* Project object */;
}
